
Microsoft Visual Studio Solution File, Format Version 12.00
# Visual Studio Version 17
VisualStudioVersion = 17.0.31919.166
MinimumVisualStudioVersion = 10.0.40219.1
Project("{FAE04EC0-301F-11D3-BF4B-00C04F79EFBC}") = "CS311_FinalProject_ALB", "CS311_FinalProject_ALB\CS311_FinalProject_ALB.csproj", "{F4BA125C-4BCF-441D-87FE-E2B371FEB150}"
EndProject
Global
	GlobalSection(SolutionConfigurationPlatforms) = preSolution
		Debug|Any CPU = Debug|Any CPU
		Release|Any CPU = Release|Any CPU
	EndGlobalSection
	GlobalSection(ProjectConfigurationPlatforms) = postSolution
		{F4BA125C-4BCF-441D-87FE-E2B371FEB150}.Debug|Any CPU.ActiveCfg = Debug|Any CPU
		{F4BA125C-4BCF-441D-87FE-E2B371FEB150}.Debug|Any CPU.Build.0 = Debug|Any CPU
		{F4BA125C-4BCF-441D-87FE-E2B371FEB150}.Release|Any CPU.ActiveCfg = Release|Any CPU
		{F4BA125C-4BCF-441D-87FE-E2B371FEB150}.Release|Any CPU.Build.0 = Release|Any CPU
	EndGlobalSection
	GlobalSection(SolutionProperties) = preSolution
		HideSolutionNode = FALSE
	EndGlobalSection
	GlobalSection(ExtensibilityGlobals) = postSolution
		SolutionGuid = {710320F1-ED8E-414D-A29F-19DA87EA3A9E}
	EndGlobalSection
EndGlobal
